
Microsoft Visual Studio Solution File, Format Version 12.00
# Visual Studio Version 16
VisualStudioVersion = 16.0.31321.278
MinimumVisualStudioVersion = 10.0.40219.1
Project("{FAE04EC0-301F-11D3-BF4B-00C04F79EFBC}") = "ProjeGorsel", "ProjeGorsel\ProjeGorsel.csproj", "{321279A5-918A-4635-A9CB-0E9EDA2622BE}"
EndProject
Global
	GlobalSection(SolutionConfigurationPlatforms) = preSolution
		Debug|Any CPU = Debug|Any CPU
		Release|Any CPU = Release|Any CPU
	EndGlobalSection
	GlobalSection(ProjectConfigurationPlatforms) = postSolution
		{321279A5-918A-4635-A9CB-0E9EDA2622BE}.Debug|Any CPU.ActiveCfg = Debug|Any CPU
		{321279A5-918A-4635-A9CB-0E9EDA2622BE}.Debug|Any CPU.Build.0 = Debug|Any CPU
		{321279A5-918A-4635-A9CB-0E9EDA2622BE}.Release|Any CPU.ActiveCfg = Release|Any CPU
		{321279A5-918A-4635-A9CB-0E9EDA2622BE}.Release|Any CPU.Build.0 = Release|Any CPU
	EndGlobalSection
	GlobalSection(SolutionProperties) = preSolution
		HideSolutionNode = FALSE
	EndGlobalSection
	GlobalSection(ExtensibilityGlobals) = postSolution
		SolutionGuid = {CB5570AA-0B53-4372-8F80-801EC30030AF}
	EndGlobalSection
EndGlobal
